
Microsoft Visual Studio Solution File, Format Version 12.00
# Visual Studio Version 17
VisualStudioVersion = 17.4.33122.133
MinimumVisualStudioVersion = 10.0.40219.1
Project("{FAE04EC0-301F-11D3-BF4B-00C04F79EFBC}") = "17may", "17may\17may.csproj", "{B4239B84-44E9-4FB6-B6AF-65F04797966F}"
EndProject
Global
	GlobalSection(SolutionConfigurationPlatforms) = preSolution
		Debug|Any CPU = Debug|Any CPU
		Release|Any CPU = Release|Any CPU
	EndGlobalSection
	GlobalSection(ProjectConfigurationPlatforms) = postSolution
		{B4239B84-44E9-4FB6-B6AF-65F04797966F}.Debug|Any CPU.ActiveCfg = Debug|Any CPU
		{B4239B84-44E9-4FB6-B6AF-65F04797966F}.Debug|Any CPU.Build.0 = Debug|Any CPU
		{B4239B84-44E9-4FB6-B6AF-65F04797966F}.Release|Any CPU.ActiveCfg = Release|Any CPU
		{B4239B84-44E9-4FB6-B6AF-65F04797966F}.Release|Any CPU.Build.0 = Release|Any CPU
	EndGlobalSection
	GlobalSection(SolutionProperties) = preSolution
		HideSolutionNode = FALSE
	EndGlobalSection
	GlobalSection(ExtensibilityGlobals) = postSolution
		SolutionGuid = {1A180A53-2D1F-4526-89A2-9A203CEEC951}
	EndGlobalSection
EndGlobal
